
Microsoft Visual Studio Solution File, Format Version 12.00
# Visual Studio 15
VisualStudioVersion = 15.0.28010.2036
MinimumVisualStudioVersion = 10.0.40219.1
Project("{FAE04EC0-301F-11D3-BF4B-00C04F79EFBC}") = "CroweHelloWorld.Console", "CroweHelloWorld.Console\CroweHelloWorld.Console.csproj", "{5D60FF31-F80B-417A-8832-1CC528C755F3}"
EndProject
Global
	GlobalSection(SolutionConfigurationPlatforms) = preSolution
		Debug|Any CPU = Debug|Any CPU
		Release|Any CPU = Release|Any CPU
	EndGlobalSection
	GlobalSection(ProjectConfigurationPlatforms) = postSolution
		{5D60FF31-F80B-417A-8832-1CC528C755F3}.Debug|Any CPU.ActiveCfg = Debug|Any CPU
		{5D60FF31-F80B-417A-8832-1CC528C755F3}.Debug|Any CPU.Build.0 = Debug|Any CPU
		{5D60FF31-F80B-417A-8832-1CC528C755F3}.Release|Any CPU.ActiveCfg = Release|Any CPU
		{5D60FF31-F80B-417A-8832-1CC528C755F3}.Release|Any CPU.Build.0 = Release|Any CPU
	EndGlobalSection
	GlobalSection(SolutionProperties) = preSolution
		HideSolutionNode = FALSE
	EndGlobalSection
	GlobalSection(ExtensibilityGlobals) = postSolution
		SolutionGuid = {6406ED18-681F-4E7B-85CC-10390BA542CB}
	EndGlobalSection
EndGlobal
